
Microsoft Visual Studio Solution File, Format Version 12.00
# Visual Studio 2013
VisualStudioVersion = 12.0.31101.0
MinimumVisualStudioVersion = 10.0.40219.1
Project("{FAE04EC0-301F-11D3-BF4B-00C04F79EFBC}") = "CryptoMethods", "CryptoMethods\CryptoMethods.csproj", "{501BF0E5-1469-4268-9279-8315ABF29BF8}"
EndProject
Project("{FAE04EC0-301F-11D3-BF4B-00C04F79EFBC}") = "CryptoTests", "CryptoTests\CryptoTests.csproj", "{0594C2E6-1508-440D-B34E-C035B674C55B}"
EndProject
Project("{FAE04EC0-301F-11D3-BF4B-00C04F79EFBC}") = "ConsoleApplication", "ConsoleApplication\ConsoleApplication.csproj", "{23477A9F-53CF-4FFA-9811-75EB40DE3C01}"
EndProject
Project("{FAE04EC0-301F-11D3-BF4B-00C04F79EFBC}") = "ModularAritmaticCalculator", "ModularAritmaticCalendar\ModularAritmaticCalculator.csproj", "{FAE0B959-EE09-4703-8E81-30B5FBD1946C}"
EndProject
Project("{FAE04EC0-301F-11D3-BF4B-00C04F79EFBC}") = "PollardFactor", "WindowsFormsApplication1\PollardFactor.csproj", "{338F6E40-F4C6-417C-88F8-20C08F637553}"
EndProject
Project("{FAE04EC0-301F-11D3-BF4B-00C04F79EFBC}") = "P+1Factor", "P+1Factor\P+1Factor.csproj", "{9E983B05-DABB-4D5E-8E58-59A262F86673}"
EndProject
Global
	GlobalSection(SolutionConfigurationPlatforms) = preSolution
		Debug|Any CPU = Debug|Any CPU
		Release|Any CPU = Release|Any CPU
	EndGlobalSection
	GlobalSection(ProjectConfigurationPlatforms) = postSolution
		{501BF0E5-1469-4268-9279-8315ABF29BF8}.Debug|Any CPU.ActiveCfg = Debug|Any CPU
		{501BF0E5-1469-4268-9279-8315ABF29BF8}.Debug|Any CPU.Build.0 = Debug|Any CPU
		{501BF0E5-1469-4268-9279-8315ABF29BF8}.Release|Any CPU.ActiveCfg = Release|Any CPU
		{501BF0E5-1469-4268-9279-8315ABF29BF8}.Release|Any CPU.Build.0 = Release|Any CPU
		{0594C2E6-1508-440D-B34E-C035B674C55B}.Debug|Any CPU.ActiveCfg = Debug|Any CPU
		{0594C2E6-1508-440D-B34E-C035B674C55B}.Debug|Any CPU.Build.0 = Debug|Any CPU
		{0594C2E6-1508-440D-B34E-C035B674C55B}.Release|Any CPU.ActiveCfg = Release|Any CPU
		{0594C2E6-1508-440D-B34E-C035B674C55B}.Release|Any CPU.Build.0 = Release|Any CPU
		{23477A9F-53CF-4FFA-9811-75EB40DE3C01}.Debug|Any CPU.ActiveCfg = Debug|Any CPU
		{23477A9F-53CF-4FFA-9811-75EB40DE3C01}.Debug|Any CPU.Build.0 = Debug|Any CPU
		{23477A9F-53CF-4FFA-9811-75EB40DE3C01}.Release|Any CPU.ActiveCfg = Release|Any CPU
		{23477A9F-53CF-4FFA-9811-75EB40DE3C01}.Release|Any CPU.Build.0 = Release|Any CPU
		{FAE0B959-EE09-4703-8E81-30B5FBD1946C}.Debug|Any CPU.ActiveCfg = Debug|Any CPU
		{FAE0B959-EE09-4703-8E81-30B5FBD1946C}.Debug|Any CPU.Build.0 = Debug|Any CPU
		{FAE0B959-EE09-4703-8E81-30B5FBD1946C}.Release|Any CPU.ActiveCfg = Release|Any CPU
		{FAE0B959-EE09-4703-8E81-30B5FBD1946C}.Release|Any CPU.Build.0 = Release|Any CPU
		{338F6E40-F4C6-417C-88F8-20C08F637553}.Debug|Any CPU.ActiveCfg = Debug|Any CPU
		{338F6E40-F4C6-417C-88F8-20C08F637553}.Debug|Any CPU.Build.0 = Debug|Any CPU
		{338F6E40-F4C6-417C-88F8-20C08F637553}.Release|Any CPU.ActiveCfg = Release|Any CPU
		{338F6E40-F4C6-417C-88F8-20C08F637553}.Release|Any CPU.Build.0 = Release|Any CPU
		{9E983B05-DABB-4D5E-8E58-59A262F86673}.Debug|Any CPU.ActiveCfg = Debug|Any CPU
		{9E983B05-DABB-4D5E-8E58-59A262F86673}.Debug|Any CPU.Build.0 = Debug|Any CPU
		{9E983B05-DABB-4D5E-8E58-59A262F86673}.Release|Any CPU.ActiveCfg = Release|Any CPU
		{9E983B05-DABB-4D5E-8E58-59A262F86673}.Release|Any CPU.Build.0 = Release|Any CPU
	EndGlobalSection
	GlobalSection(SolutionProperties) = preSolution
		HideSolutionNode = FALSE
	EndGlobalSection
EndGlobal
